// !$*UTF8*$!
{
	archiveVersion = 1;
	classes = {
	};
	objectVersion = 46;
	objects = {

/* Begin PBXBuildFile section */
		833D3D661DDF766F00C82C9C /* MovieSearchViewController.swift in Sources */ = {isa = PBXBuildFile; fileRef = 833D3D651DDF766F00C82C9C /* MovieSearchViewController.swift */; };
		836FE9671DDCB1650003B25C /* AppDelegate.swift in Sources */ = {isa = PBXBuildFile; fileRef = 836FE9661DDCB1650003B25C /* AppDelegate.swift */; };
		836FE9691DDCB1650003B25C /* ViewController.swift in Sources */ = {isa = PBXBuildFile; fileRef = 836FE9681DDCB1650003B25C /* ViewController.swift */; };
		836FE96C1DDCB1650003B25C /* Main.storyboard in Resources */ = {isa = PBXBuildFile; fileRef = 836FE96A1DDCB1650003B25C /* Main.storyboard */; };
		836FE96E1DDCB1650003B25C /* Assets.xcassets in Resources */ = {isa = PBXBuildFile; fileRef = 836FE96D1DDCB1650003B25C /* Assets.xcassets */; };
		836FE9711DDCB1650003B25C /* LaunchScreen.storyboard in Resources */ = {isa = PBXBuildFile; fileRef = 836FE96F1DDCB1650003B25C /* LaunchScreen.storyboard */; };
		836FE9791DDCB64B0003B25C /* MovieViewCell.swift in Sources */ = {isa = PBXBuildFile; fileRef = 836FE9781DDCB64B0003B25C /* MovieViewCell.swift */; };
		83D55EF81DDE55FA00A23006 /* MovieClass.swift in Sources */ = {isa = PBXBuildFile; fileRef = 83D55EF71DDE55FA00A23006 /* MovieClass.swift */; };
/* End PBXBuildFile section */

/* Begin PBXFileReference section */
		833D3D651DDF766F00C82C9C /* MovieSearchViewController.swift */ = {isa = PBXFileReference; fileEncoding = 4; lastKnownFileType = sourcecode.swift; path = MovieSearchViewController.swift; sourceTree = "<group>"; };
		836FE9631DDCB1650003B25C /* WatchList.app */ = {isa = PBXFileReference; explicitFileType = wrapper.application; includeInIndex = 0; path = WatchList.app; sourceTree = BUILT_PRODUCTS_DIR; };
		836FE9661DDCB1650003B25C /* AppDelegate.swift */ = {isa = PBXFileReference; lastKnownFileType = sourcecode.swift; path = AppDelegate.swift; sourceTree = "<group>"; };
		836FE9681DDCB1650003B25C /* ViewController.swift */ = {isa = PBXFileReference; lastKnownFileType = sourcecode.swift; path = ViewController.swift; sourceTree = "<group>"; };
		836FE96B1DDCB1650003B25C /* Base */ = {isa = PBXFileReference; lastKnownFileType = file.storyboard; name = Base; path = Base.lproj/Main.storyboard; sourceTree = "<group>"; };
		836FE96D1DDCB1650003B25C /* Assets.xcassets */ = {isa = PBXFileReference; lastKnownFileType = folder.assetcatalog; path = Assets.xcassets; sourceTree = "<group>"; };
		836FE9701DDCB1650003B25C /* Base */ = {isa = PBXFileReference; lastKnownFileType = file.storyboard; name = Base; path = Base.lproj/LaunchScreen.storyboard; sourceTree = "<group>"; };
		836FE9721DDCB1650003B25C /* Info.plist */ = {isa = PBXFileReference; lastKnownFileType = text.plist.xml; path = Info.plist; sourceTree = "<group>"; };
		836FE9781DDCB64B0003B25C /* MovieViewCell.swift */ = {isa = PBXFileReference; fileEncoding = 4; lastKnownFileType = sourcecode.swift; path = MovieViewCell.swift; sourceTree = "<group>"; };
		83D55EF71DDE55FA00A23006 /* MovieClass.swift */ = {isa = PBXFileReference; fileEncoding = 4; lastKnownFileType = sourcecode.swift; path = MovieClass.swift; sourceTree = "<group>"; };
/* End PBXFileReference section */

/* Begin PBXFrameworksBuildPhase section */
		836FE9601DDCB1650003B25C /* Frameworks */ = {
			isa = PBXFrameworksBuildPhase;
			buildActionMask = 2147483647;
			files = (
			);
			runOnlyForDeploymentPostprocessing = 0;
		};
/* End PBXFrameworksBuildPhase section */

/* Begin PBXGroup section */
		836FE95A1DDCB1650003B25C = {
			isa = PBXGroup;
			children = (
				836FE9651DDCB1650003B25C /* WatchList */,
				836FE9641DDCB1650003B25C /* Products */,
			);
			sourceTree = "<group>";
		};
		836FE9641DDCB1650003B25C /* Products */ = {
			isa = PBXGroup;
			children = (
				836FE9631DDCB1650003B25C /* WatchList.app */,
			);
			name = Products;
			sourceTree = "<group>";
		};
		836FE9651DDCB1650003B25C /* WatchList */ = {
			isa = PBXGroup;
			children = (
				836FE9661DDCB1650003B25C /* AppDelegate.swift */,
				836FE9681DDCB1650003B25C /* ViewController.swift */,
				833D3D651DDF766F00C82C9C /* MovieSearchViewController.swift */,
				836FE96A1DDCB1650003B25C /* Main.storyboard */,
				836FE96D1DDCB1650003B25C /* Assets.xcassets */,
				836FE96F1DDCB1650003B25C /* LaunchScreen.storyboard */,
				836FE9721DDCB1650003B25C /* Info.plist */,
				836FE9781DDCB64B0003B25C /* MovieViewCell.swift */,
				83D55EF71DDE55FA00A23006 /* MovieClass.swift */,
			);
			path = WatchList;
			sourceTree = "<group>";
		};
/* End PBXGroup section */

/* Begin PBXNativeTarget section */
		836FE9621DDCB1650003B25C /* WatchList */ = {
			isa = PBXNativeTarget;
			buildConfigurationList = 836FE9751DDCB1650003B25C /* Build configuration list for PBXNativeTarget "WatchList" */;
			buildPhases = (
				836FE95F1DDCB1650003B25C /* Sources */,
				836FE9601DDCB1650003B25C /* Frameworks */,
				836FE9611DDCB1650003B25C /* Resources */,
			);
			buildRules = (
			);
			dependencies = (
			);
			name = WatchList;
			productName = WatchList;
			productReference = 836FE9631DDCB1650003B25C /* WatchList.app */;
			productType = "com.apple.product-type.application";
		};
/* End PBXNativeTarget section */

/* Begin PBXProject section */
		836FE95B1DDCB1650003B25C /* Project object */ = {
			isa = PBXProject;
			attributes = {
				LastSwiftUpdateCheck = 0810;
				LastUpgradeCheck = 0810;
				ORGANIZATIONNAME = "Chris Ras";
				TargetAttributes = {
					836FE9621DDCB1650003B25C = {
						CreatedOnToolsVersion = 8.1;
						ProvisioningStyle = Automatic;
					};
				};
			};
			buildConfigurationList = 836FE95E1DDCB1650003B25C /* Build configuration list for PBXProject "WatchList" */;
			compatibilityVersion = "Xcode 3.2";
			developmentRegion = English;
			hasScannedForEncodings = 0;
			knownRegions = (
				en,
				Base,
			);
			mainGroup = 836FE95A1DDCB1650003B25C;
			productRefGroup = 836FE9641DDCB1650003B25C /* Products */;
			projectDirPath = "";
			projectRoot = "";
			targets = (
				836FE9621DDCB1650003B25C /* WatchList */,
			);
		};
/* End PBXProject section */

/* Begin PBXResourcesBuildPhase section */
		836FE9611DDCB1650003B25C /* Resources */ = {
			isa = PBXResourcesBuildPhase;
			buildActionMask = 2147483647;
			files = (
				836FE9711DDCB1650003B25C /* LaunchScreen.storyboard in Resources */,
				836FE96E1DDCB1650003B25C /* Assets.xcassets in Resources */,
				836FE96C1DDCB1650003B25C /* Main.storyboard in Resources */,
			);
			runOnlyForDeploymentPostprocessing = 0;
		};
/* End PBXResourcesBuildPhase section */

/* Begin PBXSourcesBuildPhase section */
		836FE95F1DDCB1650003B25C /* Sources */ = {
			isa = PBXSourcesBuildPhase;
			buildActionMask = 2147483647;
			files = (
				836FE9691DDCB1650003B25C /* ViewController.swift in Sources */,
				836FE9671DDCB1650003B25C /* AppDelegate.swift in Sources */,
				83D55EF81DDE55FA00A23006 /* MovieClass.swift in Sources */,
				833D3D661DDF766F00C82C9C /* MovieSearchViewController.swift in Sources */,
				836FE9791DDCB64B0003B25C /* MovieViewCell.swift in Sources */,
			);
			runOnlyForDeploymentPostprocessing = 0;
		};
/* End PBXSourcesBuildPhase section */

/* Begin PBXVariantGroup section */
		836FE96A1DDCB1650003B25C /* Main.storyboard */ = {
			isa = PBXVariantGroup;
			children = (
				836FE96B1DDCB1650003B25C /* Base */,
			);
			name = Main.storyboard;
			sourceTree = "<group>";
		};
		836FE96F1DDCB1650003B25C /* LaunchScreen.storyboard */ = {
			isa = PBXVariantGroup;
			children = (
				836FE9701DDCB1650003B25C /* Base */,
			);
			name = LaunchScreen.storyboard;
			sourceTree = "<group>";
		};
/* End PBXVariantGroup section */

/* Begin XCBuildConfiguration section */
		836FE9731DDCB1650003B25C /* Debug */ = {
			isa = XCBuildConfiguration;
			buildSettings = {
				ALWAYS_SEARCH_USER_PATHS = NO;
				CLANG_ANALYZER_NONNULL = YES;
				CLANG_CXX_LANGUAGE_STANDARD = "gnu++0x";
				CLANG_CXX_LIBRARY = "libc++";
				CLANG_ENABLE_MODULES = YES;
				CLANG_ENABLE_OBJC_ARC = YES;
				CLANG_WARN_BOOL_CONVERSION = YES;
				CLANG_WARN_CONSTANT_CONVERSION = YES;
				CLANG_WARN_DIRECT_OBJC_ISA_USAGE = YES_ERROR;
				CLANG_WARN_DOCUMENTATION_COMMENTS = YES;
				CLANG_WARN_EMPTY_BODY = YES;
				CLANG_WARN_ENUM_CONVERSION = YES;
				CLANG_WARN_INFINITE_RECURSION = YES;
				CLANG_WARN_INT_CONVERSION = YES;
				CLANG_WARN_OBJC_ROOT_CLASS = YES_ERROR;
				CLANG_WARN_SUSPICIOUS_MOVES = YES;
				CLANG_WARN_UNREACHABLE_CODE = YES;
				CLANG_WARN__DUPLICATE_METHOD_MATCH = YES;
				"CODE_SIGN_IDENTITY[sdk=iphoneos*]" = "iPhone Developer";
				COPY_PHASE_STRIP = NO;
				DEBUG_INFORMATION_FORMAT = dwarf;
				ENABLE_STRICT_OBJC_MSGSEND = YES;
				ENABLE_TESTABILITY = YES;
				GCC_C_LANGUAGE_STANDARD = gnu99;
				GCC_DYNAMIC_NO_PIC = NO;
				GCC_NO_COMMON_BLOCKS = YES;
				GCC_OPTIMIZATION_LEVEL = 0;
				GCC_PREPROCESSOR_DEFINITIONS = (
					"DEBUG=1",
					"$(inherited)",
				);
				GCC_WARN_64_TO_32_BIT_CONVERSION = YES;
				GCC_WARN_ABOUT_RETURN_TYPE = YES_ERROR;
				GCC_WARN_UNDECLARED_SELECTOR = YES;
				GCC_WARN_UNINITIALIZED_AUTOS = YES_AGGRESSIVE;
				GCC_WARN_UNUSED_FUNCTION = YES;
				GCC_WARN_UNUSED_VARIABLE = YES;
				IPHONEOS_DEPLOYMENT_TARGET = 10.1;
				MTL_ENABLE_DEBUG_INFO = YES;
				ONLY_ACTIVE_ARCH = YES;
				SDKROOT = iphoneos;
				SWIFT_ACTIVE_COMPILATION_CONDITIONS = DEBUG;
				SWIFT_OPTIMIZATION_LEVEL = "-Onone";
				TARGETED_DEVICE_FAMILY = "1,2";
			};
			name = Debug;
		};
		836FE9741DDCB1650003B25C /* Release */ = {
			isa = XCBuildConfiguration;
			buildSettings = {
				ALWAYS_SEARCH_USER_PATHS = NO;
				CLANG_ANALYZER_NONNULL = YES;
				CLANG_CXX_LANGUAGE_STANDARD = "gnu++0x";
				CLANG_CXX_LIBRARY = "libc++";
				CLANG_ENABLE_MODULES = YES;
				CLANG_ENABLE_OBJC_ARC = YES;
				CLANG_WARN_BOOL_CONVERSION = YES;
				CLANG_WARN_CONSTANT_CONVERSION = YES;
				CLANG_WARN_DIRECT_OBJC_ISA_USAGE = YES_ERROR;
				CLANG_WARN_DOCUMENTATION_COMMENTS = YES;
				CLANG_WARN_EMPTY_BODY = YES;
				CLANG_WARN_ENUM_CONVERSION = YES;
				CLANG_WARN_INFINITE_RECURSION = YES;
				CLANG_WARN_INT_CONVERSION = YES;
				CLANG_WARN_OBJC_ROOT_CLASS = YES_ERROR;
				CLANG_WARN_SUSPICIOUS_MOVES = YES;
				CLANG_WARN_UNREACHABLE_CODE = YES;
				CLANG_WARN__DUPLICATE_METHOD_MATCH = YES;
				"CODE_SIGN_IDENTITY[sdk=iphoneos*]" = "iPhone Developer";
				COPY_PHASE_STRIP = NO;
				DEBUG_INFORMATION_FORMAT = "dwarf-with-dsym";
				ENABLE_NS_ASSERTIONS = NO;
				ENABLE_STRICT_OBJC_MSGSEND = YES;
				GCC_C_LANGUAGE_STANDARD = gnu99;
				GCC_NO_COMMON_BLOCKS = YES;
				GCC_WARN_64_TO_32_BIT_CONVERSION = YES;
				GCC_WARN_ABOUT_RETURN_TYPE = YES_ERROR;
				GCC_WARN_UNDECLARED_SELECTOR = YES;
				GCC_WARN_UNINITIALIZED_AUTOS = YES_AGGRESSIVE;
				GCC_WARN_UNUSED_FUNCTION = YES;
				GCC_WARN_UNUSED_VARIABLE = YES;
				IPHONEOS_DEPLOYMENT_TARGET = 10.1;
				MTL_ENABLE_DEBUG_INFO = NO;
				SDKROOT = iphoneos;
				SWIFT_OPTIMIZATION_LEVEL = "-Owholemodule";
				TARGETED_DEVICE_FAMILY = "1,2";
				VALIDATE_PRODUCT = YES;
			};
			name = Release;
		};
		836FE9761DDCB1650003B25C /* Debug */ = {
			isa = XCBuildConfiguration;
			buildSettings = {
				ASSETCATALOG_COMPILER_APPICON_NAME = AppIcon;
				INFOPLIST_FILE = WatchList/Info.plist;
				LD_RUNPATH_SEARCH_PATHS = "$(inherited) @executable_path/Frameworks";
				PRODUCT_BUNDLE_IDENTIFIER = nl.mprog.WatchList;
				PRODUCT_NAME = "$(TARGET_NAME)";
				SWIFT_VERSION = 3.0;
			};
			name = Debug;
		};
		836FE9771DDCB1650003B25C /* Release */ = {
			isa = XCBuildConfiguration;
			buildSettings = {
				ASSETCATALOG_COMPILER_APPICON_NAME = AppIcon;
				INFOPLIST_FILE = WatchList/Info.plist;
				LD_RUNPATH_SEARCH_PATHS = "$(inherited) @executable_path/Frameworks";
				PRODUCT_BUNDLE_IDENTIFIER = nl.mprog.WatchList;
				PRODUCT_NAME = "$(TARGET_NAME)";
				SWIFT_VERSION = 3.0;
			};
			name = Release;
		};
/* End XCBuildConfiguration section */

/* Begin XCConfigurationList section */
		836FE95E1DDCB1650003B25C /* Build configuration list for PBXProject "WatchList" */ = {
			isa = XCConfigurationList;
			buildConfigurations = (
				836FE9731DDCB1650003B25C /* Debug */,
				836FE9741DDCB1650003B25C /* Release */,
			);
			defaultConfigurationIsVisible = 0;
			defaultConfigurationName = Release;
		};
		836FE9751DDCB1650003B25C /* Build configuration list for PBXNativeTarget "WatchList" */ = {
			isa = XCConfigurationList;
			buildConfigurations = (
				836FE9761DDCB1650003B25C /* Debug */,
				836FE9771DDCB1650003B25C /* Release */,
			);
			defaultConfigurationIsVisible = 0;
			defaultConfigurationName = Release;
		};
/* End XCConfigurationList section */
	};
	rootObject = 836FE95B1DDCB1650003B25C /* Project object */;
}
